
Microsoft Visual Studio Solution File, Format Version 12.00
# Visual Studio Version 16
VisualStudioVersion = 16.0.33328.57
MinimumVisualStudioVersion = 10.0.40219.1
Project("{FAE04EC0-301F-11D3-BF4B-00C04F79EFBC}") = "FoodFighters", "FoodFighters.csproj", "{F4831D0F-9B0E-47B5-87AE-0B7974E3161A}"
EndProject
Global
	GlobalSection(SolutionConfigurationPlatforms) = preSolution
		Debug|Any CPU = Debug|Any CPU
		Release|Any CPU = Release|Any CPU
	EndGlobalSection
	GlobalSection(ProjectConfigurationPlatforms) = postSolution
		{F4831D0F-9B0E-47B5-87AE-0B7974E3161A}.Debug|Any CPU.ActiveCfg = Debug|Any CPU
		{F4831D0F-9B0E-47B5-87AE-0B7974E3161A}.Debug|Any CPU.Build.0 = Debug|Any CPU
		{F4831D0F-9B0E-47B5-87AE-0B7974E3161A}.Release|Any CPU.ActiveCfg = Release|Any CPU
		{F4831D0F-9B0E-47B5-87AE-0B7974E3161A}.Release|Any CPU.Build.0 = Release|Any CPU
	EndGlobalSection
	GlobalSection(SolutionProperties) = preSolution
		HideSolutionNode = FALSE
	EndGlobalSection
	GlobalSection(ExtensibilityGlobals) = postSolution
		SolutionGuid = {1646AE21-97E9-437B-85F4-5F139D042DD3}
	EndGlobalSection
EndGlobal
